// !$*UTF8*$!
{
	archiveVersion = 1;
	classes = {
	};
	objectVersion = 46;
	objects = {

/* Begin PBXBuildFile section */
		185B9F5617667A5700F3E24B /* CoreData.framework in Frameworks */ = {isa = PBXBuildFile; fileRef = 185B9F5517667A5700F3E24B /* CoreData.framework */; };
		185B9F5917667AEB00F3E24B /* MonsterModel.xcdatamodeld in Sources */ = {isa = PBXBuildFile; fileRef = 185B9F5717667AEB00F3E24B /* MonsterModel.xcdatamodeld */; };
		185B9F5C17667C5700F3E24B /* LoginViewController.m in Sources */ = {isa = PBXBuildFile; fileRef = 185B9F5B17667C5700F3E24B /* LoginViewController.m */; };
		18FDC3EB176F85D90064368F /* Monster_Wink.wav in Resources */ = {isa = PBXBuildFile; fileRef = 18FDC3E6176F85D90064368F /* Monster_Wink.wav */; };
		18FDC3EC176F85D90064368F /* Monster_Door.wav in Resources */ = {isa = PBXBuildFile; fileRef = 18FDC3E7176F85D90064368F /* Monster_Door.wav */; };
		18FDC3ED176F85D90064368F /* Monster_Shimmer.wav in Resources */ = {isa = PBXBuildFile; fileRef = 18FDC3E8176F85D90064368F /* Monster_Shimmer.wav */; };
		18FDC3EE176F85D90064368F /* Monster_Step.wav in Resources */ = {isa = PBXBuildFile; fileRef = 18FDC3E9176F85D90064368F /* Monster_Step.wav */; };
		18FDC3EF176F85D90064368F /* Monster_Win.wav in Resources */ = {isa = PBXBuildFile; fileRef = 18FDC3EA176F85D90064368F /* Monster_Win.wav */; };
		18FDC3F1176F86B40064368F /* AudioToolbox.framework in Frameworks */ = {isa = PBXBuildFile; fileRef = 18FDC3F0176F86B40064368F /* AudioToolbox.framework */; };
		290B476D176D2A4300B91B7E /* turtling_leftEye.png in Resources */ = {isa = PBXBuildFile; fileRef = 290B476C176D2A4300B91B7E /* turtling_leftEye.png */; };
		290B476F176D2A4800B91B7E /* turtling-blushcheeks.png in Resources */ = {isa = PBXBuildFile; fileRef = 290B476E176D2A4800B91B7E /* turtling-blushcheeks.png */; };
		290B4771176D2A6100B91B7E /* turtling_rightEye.png in Resources */ = {isa = PBXBuildFile; fileRef = 290B4770176D2A6100B91B7E /* turtling_rightEye.png */; };
		290B4773176D2A6700B91B7E /* turtling-mouth_open.png in Resources */ = {isa = PBXBuildFile; fileRef = 290B4772176D2A6700B91B7E /* turtling-mouth_open.png */; };
		290B4776176D2C0A00B91B7E /* purple_checkmark_v1.png in Resources */ = {isa = PBXBuildFile; fileRef = 290B4775176D2C0A00B91B7E /* purple_checkmark_v1.png */; };
		290B4778176D2C3C00B91B7E /* checkbox-empty.png in Resources */ = {isa = PBXBuildFile; fileRef = 290B4777176D2C3C00B91B7E /* checkbox-empty.png */; };
		2919D3741778A99C00B1B618 /* monsterWelcome.png in Resources */ = {isa = PBXBuildFile; fileRef = 2919D3731778A99C00B1B618 /* monsterWelcome.png */; };
		2919D3761778AA1E00B1B618 /* MonsterWelcomePaw@2x.png in Resources */ = {isa = PBXBuildFile; fileRef = 2919D3751778AA1E00B1B618 /* MonsterWelcomePaw@2x.png */; };
		2919D3781778AA2600B1B618 /* monsterWelcome@2px.png in Resources */ = {isa = PBXBuildFile; fileRef = 2919D3771778AA2600B1B618 /* monsterWelcome@2px.png */; };
		2919D37A1778B4A300B1B618 /* WelcomeMat_TransparentBG.png in Resources */ = {isa = PBXBuildFile; fileRef = 2919D3791778B4A300B1B618 /* WelcomeMat_TransparentBG.png */; };
		2919D3801778BA6F00B1B618 /* MonsterWelcomePawWithArmv3@2x.png in Resources */ = {isa = PBXBuildFile; fileRef = 2919D37F1778BA6F00B1B618 /* MonsterWelcomePawWithArmv3@2x.png */; };
		2919D3821778BD9000B1B618 /* MonsterWelcomePawWithArmv2v5@2x.png in Resources */ = {isa = PBXBuildFile; fileRef = 2919D3811778BD9000B1B618 /* MonsterWelcomePawWithArmv2v5@2x.png */; };
		2919D3841778BEAA00B1B618 /* monsterWelcome-Note@2px.png in Resources */ = {isa = PBXBuildFile; fileRef = 2919D3831778BEAA00B1B618 /* monsterWelcome-Note@2px.png */; };
		2919D3861778BEBC00B1B618 /* monsterWelcome-note.png in Resources */ = {isa = PBXBuildFile; fileRef = 2919D3851778BEBC00B1B618 /* monsterWelcome-note.png */; };
		2919D3881778C3BF00B1B618 /* monsterWelcome-note_withText.png in Resources */ = {isa = PBXBuildFile; fileRef = 2919D3871778C3BF00B1B618 /* monsterWelcome-note_withText.png */; };
		2919D38A1778C65700B1B618 /* monsterWelcome-note_updatedText.png in Resources */ = {isa = PBXBuildFile; fileRef = 2919D3891778C65700B1B618 /* monsterWelcome-note_updatedText.png */; };
		292943FB176403E4001315E8 /* chinchilla.png in Resources */ = {isa = PBXBuildFile; fileRef = 292943FA176403E4001315E8 /* chinchilla.png */; };
		294B08281763631B00C5DFFA /* UIKit.framework in Frameworks */ = {isa = PBXBuildFile; fileRef = 294B08271763631B00C5DFFA /* UIKit.framework */; };
		294B082A1763631B00C5DFFA /* Foundation.framework in Frameworks */ = {isa = PBXBuildFile; fileRef = 294B08291763631B00C5DFFA /* Foundation.framework */; };
		294B082C1763631B00C5DFFA /* CoreGraphics.framework in Frameworks */ = {isa = PBXBuildFile; fileRef = 294B082B1763631B00C5DFFA /* CoreGraphics.framework */; };
		294B08321763631B00C5DFFA /* InfoPlist.strings in Resources */ = {isa = PBXBuildFile; fileRef = 294B08301763631B00C5DFFA /* InfoPlist.strings */; };
		294B08341763631B00C5DFFA /* main.m in Sources */ = {isa = PBXBuildFile; fileRef = 294B08331763631B00C5DFFA /* main.m */; };
		294B08381763631B00C5DFFA /* AppDelegate.m in Sources */ = {isa = PBXBuildFile; fileRef = 294B08371763631B00C5DFFA /* AppDelegate.m */; };
		294B083A1763631B00C5DFFA /* Default.png in Resources */ = {isa = PBXBuildFile; fileRef = 294B08391763631B00C5DFFA /* Default.png */; };
		294B083C1763631B00C5DFFA /* Default@2x.png in Resources */ = {isa = PBXBuildFile; fileRef = 294B083B1763631B00C5DFFA /* Default@2x.png */; };
		294B083E1763631B00C5DFFA /* Default-568h@2x.png in Resources */ = {isa = PBXBuildFile; fileRef = 294B083D1763631B00C5DFFA /* Default-568h@2x.png */; };
		294B08441763631B00C5DFFA /* ViewController.m in Sources */ = {isa = PBXBuildFile; fileRef = 294B08431763631B00C5DFFA /* ViewController.m */; };
		294B084B176385E600C5DFFA /* vector_monster.png in Resources */ = {isa = PBXBuildFile; fileRef = 294B084A176385E600C5DFFA /* vector_monster.png */; };
		294B084D176386F800C5DFFA /* egg_still.png in Resources */ = {isa = PBXBuildFile; fileRef = 294B084C176386F800C5DFFA /* egg_still.png */; };
		294B084F1763874100C5DFFA /* junglg_bg.png in Resources */ = {isa = PBXBuildFile; fileRef = 294B084E1763874100C5DFFA /* junglg_bg.png */; };
		29F1DF7F176C22B000FFB46F /* WelcomeMat_whitebg.png in Resources */ = {isa = PBXBuildFile; fileRef = 29F1DF7E176C22B000FFB46F /* WelcomeMat_whitebg.png */; };
		29F1DF81176C22F900FFB46F /* DoorKnob_test.png in Resources */ = {isa = PBXBuildFile; fileRef = 29F1DF80176C22F900FFB46F /* DoorKnob_test.png */; };
		29F1DF8A176C32A000FFB46F /* step1.png in Resources */ = {isa = PBXBuildFile; fileRef = 29F1DF89176C32A000FFB46F /* step1.png */; };
		29F1DF8D176C32B400FFB46F /* step3.png in Resources */ = {isa = PBXBuildFile; fileRef = 29F1DF8C176C32B400FFB46F /* step3.png */; };
		29F1DF8F176C45CF00FFB46F /* step2.png in Resources */ = {isa = PBXBuildFile; fileRef = 29F1DF8E176C45CF00FFB46F /* step2.png */; };
		8918C967176DF814007421DF /* monsterNavBar_back-tapped.png in Resources */ = {isa = PBXBuildFile; fileRef = 8944DB90176D2248000A9552 /* monsterNavBar_back-tapped.png */; };
		8918C968176DF82A007421DF /* monsterNavBar_back.png in Resources */ = {isa = PBXBuildFile; fileRef = 8944DB91176D2248000A9552 /* monsterNavBar_back.png */; };
		8918C96E176DF85B007421DF /* monsterNavBar.png in Resources */ = {isa = PBXBuildFile; fileRef = 8944DB97176D2248000A9552 /* monsterNavBar.png */; };
		8918C972176E5019007421DF /* ProjectIcons-new.png in Resources */ = {isa = PBXBuildFile; fileRef = 8918C970176E5019007421DF /* ProjectIcons-new.png */; };
		8918C976176E570B007421DF /* monsterNavBar-TableBackdrop.png in Resources */ = {isa = PBXBuildFile; fileRef = 8918C975176E570B007421DF /* monsterNavBar-TableBackdrop.png */; };
		892CC50C176DEA2600BF8122 /* Kimmy Design - LunchBox-Bold.otf in Resources */ = {isa = PBXBuildFile; fileRef = 892CC50B176DEA2600BF8122 /* Kimmy Design - LunchBox-Bold.otf */; };
		892CC50E176DEA3800BF8122 /* Kimmy Design - LunchBox-Light.otf in Resources */ = {isa = PBXBuildFile; fileRef = 892CC50D176DEA3800BF8122 /* Kimmy Design - LunchBox-Light.otf */; };
		892CC511176DEC0800BF8122 /* MonsterStyleSheet.m in Sources */ = {isa = PBXBuildFile; fileRef = 892CC510176DEC0800BF8122 /* MonsterStyleSheet.m */; };
		89A0EF16176ECED0001ADFE8 /* monsterNavBar_back-tapped@2x.png in Resources */ = {isa = PBXBuildFile; fileRef = 89A0EF0F176ECED0001ADFE8 /* monsterNavBar_back-tapped@2x.png */; };
		89A0EF17176ECED0001ADFE8 /* monsterNavBar_back@2x.png in Resources */ = {isa = PBXBuildFile; fileRef = 89A0EF10176ECED0001ADFE8 /* monsterNavBar_back@2x.png */; };
		89A0EF1B176EDA33001ADFE8 /* TurtlingClass.m in Sources */ = {isa = PBXBuildFile; fileRef = 89A0EF1A176EDA33001ADFE8 /* TurtlingClass.m */; };
		A40769E617676FAB00AE7F7F /* EggHatchesViewController.m in Sources */ = {isa = PBXBuildFile; fileRef = A40769E517676FAB00AE7F7F /* EggHatchesViewController.m */; };
		A40769E91767775F00AE7F7F /* TaskListViewController.m in Sources */ = {isa = PBXBuildFile; fileRef = A40769E81767775E00AE7F7F /* TaskListViewController.m */; };
		A40F336B1767C1B400E9EF58 /* ProjectListViewController.m in Sources */ = {isa = PBXBuildFile; fileRef = A40F336A1767C1B300E9EF58 /* ProjectListViewController.m */; };
		A42A1F43176FCD280008812A /* Monster.m in Sources */ = {isa = PBXBuildFile; fileRef = A42A1F42176FCD280008812A /* Monster.m */; };
		A42A1F46176FCD350008812A /* Task.m in Sources */ = {isa = PBXBuildFile; fileRef = A42A1F45176FCD350008812A /* Task.m */; };
		A42A1F4E176FCFC10008812A /* SparkleShine-overlay.png in Resources */ = {isa = PBXBuildFile; fileRef = A42A1F4D176FCFC10008812A /* SparkleShine-overlay.png */; };
		A43ED6991766942F00BD14DE /* MainStoryboard.storyboard in Resources */ = {isa = PBXBuildFile; fileRef = A43ED6981766942F00BD14DE /* MainStoryboard.storyboard */; };
		A43ED6A11766C4CE00BD14DE /* firstEgg_left.png in Resources */ = {isa = PBXBuildFile; fileRef = A43ED69E1766C4CE00BD14DE /* firstEgg_left.png */; };
		A43ED6A21766C4CE00BD14DE /* firstEgg_right-half.png in Resources */ = {isa = PBXBuildFile; fileRef = A43ED69F1766C4CE00BD14DE /* firstEgg_right-half.png */; };
		A43ED6A31766C4CE00BD14DE /* turtling.png in Resources */ = {isa = PBXBuildFile; fileRef = A43ED6A01766C4CE00BD14DE /* turtling.png */; };
		A442FCEC176A3A3D006E71B6 /* CompletedProjectsCell.m in Sources */ = {isa = PBXBuildFile; fileRef = A442FCEB176A3A3D006E71B6 /* CompletedProjectsCell.m */; };
		A442FD05176B4EC3006E71B6 /* QuartzCore.framework in Frameworks */ = {isa = PBXBuildFile; fileRef = A442FD04176B4EC3006E71B6 /* QuartzCore.framework */; };
		A4744FA1176F52EE004A55E9 /* turtling-ev2-thumbnail@2px.png in Resources */ = {isa = PBXBuildFile; fileRef = A4744F9D176F52EE004A55E9 /* turtling-ev2-thumbnail@2px.png */; };
		A4744FA2176F52EE004A55E9 /* turtling-ev2-thumbnail.png in Resources */ = {isa = PBXBuildFile; fileRef = A4744F9E176F52EE004A55E9 /* turtling-ev2-thumbnail.png */; };
		A4744FA3176F52EE004A55E9 /* turtling-ev1-thumbnail@2px.png in Resources */ = {isa = PBXBuildFile; fileRef = A4744F9F176F52EE004A55E9 /* turtling-ev1-thumbnail@2px.png */; };
		A4744FA4176F52EE004A55E9 /* turtling-ev1-thumbnail.png in Resources */ = {isa = PBXBuildFile; fileRef = A4744FA0176F52EE004A55E9 /* turtling-ev1-thumbnail.png */; };
		A485E13E1768E18E00ED06DC /* EvolutionViewController.m in Sources */ = {isa = PBXBuildFile; fileRef = A485E13D1768E18E00ED06DC /* EvolutionViewController.m */; };
		A485E1411768E1CE00ED06DC /* OnboardingViewController.m in Sources */ = {isa = PBXBuildFile; fileRef = A485E1401768E1CE00ED06DC /* OnboardingViewController.m */; };
		A4D988531774EF3100FA9312 /* User.m in Sources */ = {isa = PBXBuildFile; fileRef = A4D988521774EF3100FA9312 /* User.m */; };
		A4D9885D1774FFD600FA9312 /* monstrous-icon.png in Resources */ = {isa = PBXBuildFile; fileRef = A4D9885C1774FFD600FA9312 /* monstrous-icon.png */; };
		A4D9885F1774FFDB00FA9312 /* monstrous-icon@2px.png in Resources */ = {isa = PBXBuildFile; fileRef = A4D9885E1774FFDB00FA9312 /* monstrous-icon@2px.png */; };
		A4D9886617787B3D00FA9312 /* monsterNavBar-stretchyButton@2px.png in Resources */ = {isa = PBXBuildFile; fileRef = A4D9886217787B3D00FA9312 /* monsterNavBar-stretchyButton@2px.png */; };
		A4D9886717787B3D00FA9312 /* monsterNavBar-stretchyButton-tapped@2px.png in Resources */ = {isa = PBXBuildFile; fileRef = A4D9886317787B3D00FA9312 /* monsterNavBar-stretchyButton-tapped@2px.png */; };
		A4D9886817787B3D00FA9312 /* monsterNavBar-stretchyButton-tapped.png in Resources */ = {isa = PBXBuildFile; fileRef = A4D9886417787B3D00FA9312 /* monsterNavBar-stretchyButton-tapped.png */; };
		A4D9886917787B3D00FA9312 /* monsterNavBar-stretchyButton.png in Resources */ = {isa = PBXBuildFile; fileRef = A4D9886517787B3D00FA9312 /* monsterNavBar-stretchyButton.png */; };
		A4D9886E1778B21100FA9312 /* turtling-ev3-for-TaskView-4.png in Resources */ = {isa = PBXBuildFile; fileRef = A4D9886A1778B20A00FA9312 /* turtling-ev3-for-TaskView-4.png */; };
		A4D9886F1778B21100FA9312 /* turtling-ev3-for-TaskView-3.png in Resources */ = {isa = PBXBuildFile; fileRef = A4D9886B1778B20C00FA9312 /* turtling-ev3-for-TaskView-3.png */; };
		A4D988701778B21100FA9312 /* turtling-ev3-for-TaskView-2.png in Resources */ = {isa = PBXBuildFile; fileRef = A4D9886C1778B20E00FA9312 /* turtling-ev3-for-TaskView-2.png */; };
		A4D988711778B21100FA9312 /* turtling-ev3-for-TaskView-1.png in Resources */ = {isa = PBXBuildFile; fileRef = A4D9886D1778B20F00FA9312 /* turtling-ev3-for-TaskView-1.png */; };
		A4DF683C17692E4E00A8A5FC /* CreateNewProjectCell.m in Sources */ = {isa = PBXBuildFile; fileRef = A4DF683B17692E4E00A8A5FC /* CreateNewProjectCell.m */; };
		A4EC77DF1769F20000892EF3 /* ExistingProjectCell.m in Sources */ = {isa = PBXBuildFile; fileRef = A4EC77DE1769F20000892EF3 /* ExistingProjectCell.m */; };
		A4F36DB717735953005A10DF /* NameMonsterButton.png in Resources */ = {isa = PBXBuildFile; fileRef = A4F36DB617735953005A10DF /* NameMonsterButton.png */; };
		A4F36DC117737B16005A10DF /* turtling-ev2-for-TaskView.png in Resources */ = {isa = PBXBuildFile; fileRef = A4F36DC017737B16005A10DF /* turtling-ev2-for-TaskView.png */; };
		A4F36DC917739927005A10DF /* turtling-ev2-for-TaskView-tailHigh.png in Resources */ = {isa = PBXBuildFile; fileRef = A4F36DC217739927005A10DF /* turtling-ev2-for-TaskView-tailHigh.png */; };
		A4F36DCA17739927005A10DF /* turtling-ev2-for-TaskView-tailMiddle.png in Resources */ = {isa = PBXBuildFile; fileRef = A4F36DC317739927005A10DF /* turtling-ev2-for-TaskView-tailMiddle.png */; };
		A4F36DCB17739927005A10DF /* turtling-ev2-for-TaskView-tailLow.png in Resources */ = {isa = PBXBuildFile; fileRef = A4F36DC417739927005A10DF /* turtling-ev2-for-TaskView-tailLow.png */; };
		A4F36DCC17739927005A10DF /* turtling-ev1-for-TaskView-4.png in Resources */ = {isa = PBXBuildFile; fileRef = A4F36DC517739927005A10DF /* turtling-ev1-for-TaskView-4.png */; };
		A4F36DCD17739927005A10DF /* turtling-ev1-for-TaskView-3.png in Resources */ = {isa = PBXBuildFile; fileRef = A4F36DC617739927005A10DF /* turtling-ev1-for-TaskView-3.png */; };
		A4F36DCE17739927005A10DF /* turtling-ev1-for-TaskView-2.png in Resources */ = {isa = PBXBuildFile; fileRef = A4F36DC717739927005A10DF /* turtling-ev1-for-TaskView-2.png */; };
		A4F36DCF17739927005A10DF /* turtling-ev1-for-TaskView-1.png in Resources */ = {isa = PBXBuildFile; fileRef = A4F36DC817739927005A10DF /* turtling-ev1-for-TaskView-1.png */; };
		A4F378E21766268200CEC7FB /* firstEgg.png in Resources */ = {isa = PBXBuildFile; fileRef = A4F378E11766268200CEC7FB /* firstEgg.png */; };
		A4F378E61766268E00CEC7FB /* SparkleShine.png in Resources */ = {isa = PBXBuildFile; fileRef = A4F378E41766268E00CEC7FB /* SparkleShine.png */; };
		A4F378E9176627E300CEC7FB /* SparkleImageView.m in Sources */ = {isa = PBXBuildFile; fileRef = A4F378E8176627E300CEC7FB /* SparkleImageView.m */; };
		A4F378EF176629A700CEC7FB /* NewEggViewController.m in Sources */ = {isa = PBXBuildFile; fileRef = A4F378EE176629A700CEC7FB /* NewEggViewController.m */; };
		A4F955021770FDF300FE2554 /* WelcomeMat-wormyMessage.png in Resources */ = {isa = PBXBuildFile; fileRef = A4F955011770FDF300FE2554 /* WelcomeMat-wormyMessage.png */; };
		A4F955051771428100FE2554 /* turtling-ev3-thumbnail.png in Resources */ = {isa = PBXBuildFile; fileRef = A4F955031771428100FE2554 /* turtling-ev3-thumbnail.png */; };
		A4F955061771428100FE2554 /* turtling-ev3-thumbnail@2px.png in Resources */ = {isa = PBXBuildFile; fileRef = A4F955041771428100FE2554 /* turtling-ev3-thumbnail@2px.png */; };
		A4F9550C177165F200FE2554 /* TaskDetail.m in Sources */ = {isa = PBXBuildFile; fileRef = A4F9550B177165F200FE2554 /* TaskDetail.m */; };
		A4F9550F1771663200FE2554 /* Evolution.m in Sources */ = {isa = PBXBuildFile; fileRef = A4F9550E1771663200FE2554 /* Evolution.m */; };
		A4F955141771F14900FE2554 /* onboarding-2.png in Resources */ = {isa = PBXBuildFile; fileRef = A4F955111771F14900FE2554 /* onboarding-2.png */; };
		A4F9551917721AB200FE2554 /* onboarding-1.png in Resources */ = {isa = PBXBuildFile; fileRef = A4F9551817721AB200FE2554 /* onboarding-1.png */; };
		A4F9551D17721B8E00FE2554 /* onboarding-3.png in Resources */ = {isa = PBXBuildFile; fileRef = A4F9551C17721B8E00FE2554 /* onboarding-3.png */; };
		A4FDE61D1766332D00623BB3 /* ProjectPickerVC.m in Sources */ = {isa = PBXBuildFile; fileRef = A4FDE61C1766332D00623BB3 /* ProjectPickerVC.m */; };
		A4FE71E917668BAE00FB60D1 /* ProjectNameVC.m in Sources */ = {isa = PBXBuildFile; fileRef = A4FE71E817668BAE00FB60D1 /* ProjectNameVC.m */; };
/* End PBXBuildFile section */

/* Begin PBXFileReference section */
		185B9F5517667A5700F3E24B /* CoreData.framework */ = {isa = PBXFileReference; lastKnownFileType = wrapper.framework; name = CoreData.framework; path = System/Library/Frameworks/CoreData.framework; sourceTree = SDKROOT; };
		185B9F5817667AEB00F3E24B /* MonsterModel.xcdatamodel */ = {isa = PBXFileReference; lastKnownFileType = wrapper.xcdatamodel; path = MonsterModel.xcdatamodel; sourceTree = "<group>"; };
		185B9F5A17667C5700F3E24B /* LoginViewController.h */ = {isa = PBXFileReference; fileEncoding = 4; lastKnownFileType = sourcecode.c.h; path = LoginViewController.h; sourceTree = "<group>"; };
		185B9F5B17667C5700F3E24B /* LoginViewController.m */ = {isa = PBXFileReference; fileEncoding = 4; lastKnownFileType = sourcecode.c.objc; path = LoginViewController.m; sourceTree = "<group>"; };
		18FDC3E6176F85D90064368F /* Monster_Wink.wav */ = {isa = PBXFileReference; lastKnownFileType = audio.wav; path = Monster_Wink.wav; sourceTree = "<group>"; };
		18FDC3E7176F85D90064368F /* Monster_Door.wav */ = {isa = PBXFileReference; lastKnownFileType = audio.wav; path = Monster_Door.wav; sourceTree = "<group>"; };
		18FDC3E8176F85D90064368F /* Monster_Shimmer.wav */ = {isa = PBXFileReference; lastKnownFileType = audio.wav; path = Monster_Shimmer.wav; sourceTree = "<group>"; };
		18FDC3E9176F85D90064368F /* Monster_Step.wav */ = {isa = PBXFileReference; lastKnownFileType = audio.wav; path = Monster_Step.wav; sourceTree = "<group>"; };
		18FDC3EA176F85D90064368F /* Monster_Win.wav */ = {isa = PBXFileReference; lastKnownFileType = audio.wav; path = Monster_Win.wav; sourceTree = "<group>"; };
		18FDC3F0176F86B40064368F /* AudioToolbox.framework */ = {isa = PBXFileReference; lastKnownFileType = wrapper.framework; name = AudioToolbox.framework; path = System/Library/Frameworks/AudioToolbox.framework; sourceTree = SDKROOT; };
		290B476C176D2A4300B91B7E /* turtling_leftEye.png */ = {isa = PBXFileReference; lastKnownFileType = image.png; path = turtling_leftEye.png; sourceTree = "<group>"; };
		290B476E176D2A4800B91B7E /* turtling-blushcheeks.png */ = {isa = PBXFileReference; lastKnownFileType = image.png; path = "turtling-blushcheeks.png"; sourceTree = "<group>"; };
		290B4770176D2A6100B91B7E /* turtling_rightEye.png */ = {isa = PBXFileReference; lastKnownFileType = image.png; path = turtling_rightEye.png; sourceTree = "<group>"; };
		290B4772176D2A6700B91B7E /* turtling-mouth_open.png */ = {isa = PBXFileReference; lastKnownFileType = image.png; path = "turtling-mouth_open.png"; sourceTree = "<group>"; };
		290B4775176D2C0A00B91B7E /* purple_checkmark_v1.png */ = {isa = PBXFileReference; lastKnownFileType = image.png; path = purple_checkmark_v1.png; sourceTree = "<group>"; };
		290B4777176D2C3C00B91B7E /* checkbox-empty.png */ = {isa = PBXFileReference; lastKnownFileType = image.png; path = "checkbox-empty.png"; sourceTree = "<group>"; };
		2919D3731778A99C00B1B618 /* monsterWelcome.png */ = {isa = PBXFileReference; lastKnownFileType = image.png; path = monsterWelcome.png; sourceTree = "<group>"; };
		2919D3751778AA1E00B1B618 /* MonsterWelcomePaw@2x.png */ = {isa = PBXFileReference; lastKnownFileType = image.png; path = "MonsterWelcomePaw@2x.png"; sourceTree = "<group>"; };
		2919D3771778AA2600B1B618 /* monsterWelcome@2px.png */ = {isa = PBXFileReference; lastKnownFileType = image.png; path = "monsterWelcome@2px.png"; sourceTree = "<group>"; };
		2919D3791778B4A300B1B618 /* WelcomeMat_TransparentBG.png */ = {isa = PBXFileReference; lastKnownFileType = image.png; path = WelcomeMat_TransparentBG.png; sourceTree = "<group>"; };
		2919D37F1778BA6F00B1B618 /* MonsterWelcomePawWithArmv3@2x.png */ = {isa = PBXFileReference; lastKnownFileType = image.png; path = "MonsterWelcomePawWithArmv3@2x.png"; sourceTree = "<group>"; };
		2919D3811778BD9000B1B618 /* MonsterWelcomePawWithArmv2v5@2x.png */ = {isa = PBXFileReference; lastKnownFileType = image.png; path = "MonsterWelcomePawWithArmv2v5@2x.png"; sourceTree = "<group>"; };
		2919D3831778BEAA00B1B618 /* monsterWelcome-Note@2px.png */ = {isa = PBXFileReference; lastKnownFileType = image.png; path = "monsterWelcome-Note@2px.png"; sourceTree = "<group>"; };
		2919D3851778BEBC00B1B618 /* monsterWelcome-note.png */ = {isa = PBXFileReference; lastKnownFileType = image.png; path = "monsterWelcome-note.png"; sourceTree = "<group>"; };
		2919D3871778C3BF00B1B618 /* monsterWelcome-note_withText.png */ = {isa = PBXFileReference; lastKnownFileType = image.png; path = "monsterWelcome-note_withText.png"; sourceTree = "<group>"; };
		2919D3891778C65700B1B618 /* monsterWelcome-note_updatedText.png */ = {isa = PBXFileReference; lastKnownFileType = image.png; path = "monsterWelcome-note_updatedText.png"; sourceTree = "<group>"; };
		292943FA176403E4001315E8 /* chinchilla.png */ = {isa = PBXFileReference; lastKnownFileType = image.png; path = chinchilla.png; sourceTree = "<group>"; };
		294B08241763631B00C5DFFA /* MonsterAPP_Storyboard_Wireframes.app */ = {isa = PBXFileReference; explicitFileType = wrapper.application; includeInIndex = 0; path = MonsterAPP_Storyboard_Wireframes.app; sourceTree = BUILT_PRODUCTS_DIR; };
		294B08271763631B00C5DFFA /* UIKit.framework */ = {isa = PBXFileReference; lastKnownFileType = wrapper.framework; name = UIKit.framework; path = System/Library/Frameworks/UIKit.framework; sourceTree = SDKROOT; };
		294B08291763631B00C5DFFA /* Foundation.framework */ = {isa = PBXFileReference; lastKnownFileType = wrapper.framework; name = Foundation.framework; path = System/Library/Frameworks/Foundation.framework; sourceTree = SDKROOT; };
		294B082B1763631B00C5DFFA /* CoreGraphics.framework */ = {isa = PBXFileReference; lastKnownFileType = wrapper.framework; name = CoreGraphics.framework; path = System/Library/Frameworks/CoreGraphics.framework; sourceTree = SDKROOT; };
		294B082F1763631B00C5DFFA /* MonsterAPP_Storyboard_Wireframes-Info.plist */ = {isa = PBXFileReference; lastKnownFileType = text.plist.xml; path = "MonsterAPP_Storyboard_Wireframes-Info.plist"; sourceTree = "<group>"; };
		294B08311763631B00C5DFFA /* en */ = {isa = PBXFileReference; lastKnownFileType = text.plist.strings; name = en; path = en.lproj/InfoPlist.strings; sourceTree = "<group>"; };
		294B08331763631B00C5DFFA /* main.m */ = {isa = PBXFileReference; lastKnownFileType = sourcecode.c.objc; path = main.m; sourceTree = "<group>"; };
		294B08351763631B00C5DFFA /* MonsterAPP_Storyboard_Wireframes-Prefix.pch */ = {isa = PBXFileReference; lastKnownFileType = sourcecode.c.h; path = "MonsterAPP_Storyboard_Wireframes-Prefix.pch"; sourceTree = "<group>"; };
		294B08361763631B00C5DFFA /* AppDelegate.h */ = {isa = PBXFileReference; lastKnownFileType = sourcecode.c.h; path = AppDelegate.h; sourceTree = "<group>"; };
		294B08371763631B00C5DFFA /* AppDelegate.m */ = {isa = PBXFileReference; lastKnownFileType = sourcecode.c.objc; path = AppDelegate.m; sourceTree = "<group>"; };
		294B08391763631B00C5DFFA /* Default.png */ = {isa = PBXFileReference; lastKnownFileType = image.png; path = Default.png; sourceTree = "<group>"; };
		294B083B1763631B00C5DFFA /* Default@2x.png */ = {isa = PBXFileReference; lastKnownFileType = image.png; path = "Default@2x.png"; sourceTree = "<group>"; };
		294B083D1763631B00C5DFFA /* Default-568h@2x.png */ = {isa = PBXFileReference; lastKnownFileType = image.png; path = "Default-568h@2x.png"; sourceTree = "<group>"; };
		294B08421763631B00C5DFFA /* ViewController.h */ = {isa = PBXFileReference; lastKnownFileType = sourcecode.c.h; path = ViewController.h; sourceTree = "<group>"; };
		294B08431763631B00C5DFFA /* ViewController.m */ = {isa = PBXFileReference; lastKnownFileType = sourcecode.c.objc; path = ViewController.m; sourceTree = "<group>"; };
		294B084A176385E600C5DFFA /* vector_monster.png */ = {isa = PBXFileReference; lastKnownFileType = image.png; path = vector_monster.png; sourceTree = "<group>"; };
		294B084C176386F800C5DFFA /* egg_still.png */ = {isa = PBXFileReference; lastKnownFileType = image.png; path = egg_still.png; sourceTree = "<group>"; };
		294B084E1763874100C5DFFA /* junglg_bg.png */ = {isa = PBXFileReference; lastKnownFileType = image.png; path = junglg_bg.png; sourceTree = "<group>"; };
		29F1DF7E176C22B000FFB46F /* WelcomeMat_whitebg.png */ = {isa = PBXFileReference; lastKnownFileType = image.png; path = WelcomeMat_whitebg.png; sourceTree = "<group>"; };
		29F1DF80176C22F900FFB46F /* DoorKnob_test.png */ = {isa = PBXFileReference; lastKnownFileType = image.png; path = DoorKnob_test.png; sourceTree = "<group>"; };
		29F1DF89176C32A000FFB46F /* step1.png */ = {isa = PBXFileReference; lastKnownFileType = image.png; path = step1.png; sourceTree = "<group>"; };
		29F1DF8C176C32B400FFB46F /* step3.png */ = {isa = PBXFileReference; lastKnownFileType = image.png; path = step3.png; sourceTree = "<group>"; };
		29F1DF8E176C45CF00FFB46F /* step2.png */ = {isa = PBXFileReference; lastKnownFileType = image.png; path = step2.png; sourceTree = "<group>"; };
		8918C970176E5019007421DF /* ProjectIcons-new.png */ = {isa = PBXFileReference; lastKnownFileType = image.png; path = "ProjectIcons-new.png"; sourceTree = "<group>"; };
		8918C975176E570B007421DF /* monsterNavBar-TableBackdrop.png */ = {isa = PBXFileReference; lastKnownFileType = image.png; path = "monsterNavBar-TableBackdrop.png"; sourceTree = "<group>"; };
		892CC50B176DEA2600BF8122 /* Kimmy Design - LunchBox-Bold.otf */ = {isa = PBXFileReference; lastKnownFileType = file; path = "Kimmy Design - LunchBox-Bold.otf"; sourceTree = "<group>"; };
		892CC50D176DEA3800BF8122 /* Kimmy Design - LunchBox-Light.otf */ = {isa = PBXFileReference; lastKnownFileType = file; path = "Kimmy Design - LunchBox-Light.otf"; sourceTree = "<group>"; };
		892CC50F176DEC0800BF8122 /* MonsterStyleSheet.h */ = {isa = PBXFileReference; fileEncoding = 4; lastKnownFileType = sourcecode.c.h; path = MonsterStyleSheet.h; sourceTree = "<group>"; };
		892CC510176DEC0800BF8122 /* MonsterStyleSheet.m */ = {isa = PBXFileReference; fileEncoding = 4; lastKnownFileType = sourcecode.c.objc; path = MonsterStyleSheet.m; sourceTree = "<group>"; };
		8944DB90176D2248000A9552 /* monsterNavBar_back-tapped.png */ = {isa = PBXFileReference; lastKnownFileType = image.png; path = "monsterNavBar_back-tapped.png"; sourceTree = "<group>"; };
		8944DB91176D2248000A9552 /* monsterNavBar_back.png */ = {isa = PBXFileReference; lastKnownFileType = image.png; path = monsterNavBar_back.png; sourceTree = "<group>"; };
		8944DB97176D2248000A9552 /* monsterNavBar.png */ = {isa = PBXFileReference; lastKnownFileType = image.png; path = monsterNavBar.png; sourceTree = "<group>"; };
		89A0EF0F176ECED0001ADFE8 /* monsterNavBar_back-tapped@2x.png */ = {isa = PBXFileReference; lastKnownFileType = image.png; path = "monsterNavBar_back-tapped@2x.png"; sourceTree = "<group>"; };
		89A0EF10176ECED0001ADFE8 /* monsterNavBar_back@2x.png */ = {isa = PBXFileReference; lastKnownFileType = image.png; path = "monsterNavBar_back@2x.png"; sourceTree = "<group>"; };
		89A0EF18176ED9D8001ADFE8 /* Turtling.h */ = {isa = PBXFileReference; lastKnownFileType = sourcecode.c.h; path = Turtling.h; sourceTree = "<group>"; };
		89A0EF19176EDA33001ADFE8 /* TurtlingClass.h */ = {isa = PBXFileReference; fileEncoding = 4; lastKnownFileType = sourcecode.c.h; path = TurtlingClass.h; sourceTree = "<group>"; };
		89A0EF1A176EDA33001ADFE8 /* TurtlingClass.m */ = {isa = PBXFileReference; fileEncoding = 4; lastKnownFileType = sourcecode.c.objc; path = TurtlingClass.m; sourceTree = "<group>"; };
		A40769E417676FAB00AE7F7F /* EggHatchesViewController.h */ = {isa = PBXFileReference; fileEncoding = 4; lastKnownFileType = sourcecode.c.h; path = EggHatchesViewController.h; sourceTree = "<group>"; };
		A40769E517676FAB00AE7F7F /* EggHatchesViewController.m */ = {isa = PBXFileReference; fileEncoding = 4; lastKnownFileType = sourcecode.c.objc; path = EggHatchesViewController.m; sourceTree = "<group>"; };
		A40769E71767775E00AE7F7F /* TaskListViewController.h */ = {isa = PBXFileReference; fileEncoding = 4; lastKnownFileType = sourcecode.c.h; path = TaskListViewController.h; sourceTree = "<group>"; };
		A40769E81767775E00AE7F7F /* TaskListViewController.m */ = {isa = PBXFileReference; fileEncoding = 4; lastKnownFileType = sourcecode.c.objc; path = TaskListViewController.m; sourceTree = "<group>"; };
		A40F33691767C1B300E9EF58 /* ProjectListViewController.h */ = {isa = PBXFileReference; fileEncoding = 4; lastKnownFileType = sourcecode.c.h; path = ProjectListViewController.h; sourceTree = "<group>"; };
		A40F336A1767C1B300E9EF58 /* ProjectListViewController.m */ = {isa = PBXFileReference; fileEncoding = 4; lastKnownFileType = sourcecode.c.objc; path = ProjectListViewController.m; sourceTree = "<group>"; };
		A42A1F41176FCD280008812A /* Monster.h */ = {isa = PBXFileReference; fileEncoding = 4; lastKnownFileType = sourcecode.c.h; path = Monster.h; sourceTree = "<group>"; };
		A42A1F42176FCD280008812A /* Monster.m */ = {isa = PBXFileReference; fileEncoding = 4; lastKnownFileType = sourcecode.c.objc; path = Monster.m; sourceTree = "<group>"; };
		A42A1F44176FCD350008812A /* Task.h */ = {isa = PBXFileReference; fileEncoding = 4; lastKnownFileType = sourcecode.c.h; path = Task.h; sourceTree = "<group>"; };
		A42A1F45176FCD350008812A /* Task.m */ = {isa = PBXFileReference; fileEncoding = 4; lastKnownFileType = sourcecode.c.objc; path = Task.m; sourceTree = "<group>"; };
		A42A1F4D176FCFC10008812A /* SparkleShine-overlay.png */ = {isa = PBXFileReference; lastKnownFileType = image.png; path = "SparkleShine-overlay.png"; sourceTree = "<group>"; };
		A43ED6981766942F00BD14DE /* MainStoryboard.storyboard */ = {isa = PBXFileReference; fileEncoding = 4; lastKnownFileType = file.storyboard; path = MainStoryboard.storyboard; sourceTree = "<group>"; };
		A43ED69E1766C4CE00BD14DE /* firstEgg_left.png */ = {isa = PBXFileReference; lastKnownFileType = image.png; path = firstEgg_left.png; sourceTree = "<group>"; };
		A43ED69F1766C4CE00BD14DE /* firstEgg_right-half.png */ = {isa = PBXFileReference; lastKnownFileType = image.png; path = "firstEgg_right-half.png"; sourceTree = "<group>"; };
		A43ED6A01766C4CE00BD14DE /* turtling.png */ = {isa = PBXFileReference; lastKnownFileType = image.png; path = turtling.png; sourceTree = "<group>"; };
		A442FCEA176A3A3D006E71B6 /* CompletedProjectsCell.h */ = {isa = PBXFileReference; fileEncoding = 4; lastKnownFileType = sourcecode.c.h; path = CompletedProjectsCell.h; sourceTree = "<group>"; };
		A442FCEB176A3A3D006E71B6 /* CompletedProjectsCell.m */ = {isa = PBXFileReference; fileEncoding = 4; lastKnownFileType = sourcecode.c.objc; path = CompletedProjectsCell.m; sourceTree = "<group>"; };
		A442FD04176B4EC3006E71B6 /* QuartzCore.framework */ = {isa = PBXFileReference; lastKnownFileType = wrapper.framework; name = QuartzCore.framework; path = System/Library/Frameworks/QuartzCore.framework; sourceTree = SDKROOT; };
		A4744F9D176F52EE004A55E9 /* turtling-ev2-thumbnail@2px.png */ = {isa = PBXFileReference; lastKnownFileType = image.png; path = "turtling-ev2-thumbnail@2px.png"; sourceTree = "<group>"; };
		A4744F9E176F52EE004A55E9 /* turtling-ev2-thumbnail.png */ = {isa = PBXFileReference; lastKnownFileType = image.png; path = "turtling-ev2-thumbnail.png"; sourceTree = "<group>"; };
		A4744F9F176F52EE004A55E9 /* turtling-ev1-thumbnail@2px.png */ = {isa = PBXFileReference; lastKnownFileType = image.png; path = "turtling-ev1-thumbnail@2px.png"; sourceTree = "<group>"; };
		A4744FA0176F52EE004A55E9 /* turtling-ev1-thumbnail.png */ = {isa = PBXFileReference; lastKnownFileType = image.png; path = "turtling-ev1-thumbnail.png"; sourceTree = "<group>"; };
		A485E13C1768E18E00ED06DC /* EvolutionViewController.h */ = {isa = PBXFileReference; fileEncoding = 4; lastKnownFileType = sourcecode.c.h; path = EvolutionViewController.h; sourceTree = "<group>"; };
		A485E13D1768E18E00ED06DC /* EvolutionViewController.m */ = {isa = PBXFileReference; fileEncoding = 4; lastKnownFileType = sourcecode.c.objc; path = EvolutionViewController.m; sourceTree = "<group>"; };
		A485E13F1768E1CE00ED06DC /* OnboardingViewController.h */ = {isa = PBXFileReference; fileEncoding = 4; lastKnownFileType = sourcecode.c.h; path = OnboardingViewController.h; sourceTree = "<group>"; };
		A485E1401768E1CE00ED06DC /* OnboardingViewController.m */ = {isa = PBXFileReference; fileEncoding = 4; lastKnownFileType = sourcecode.c.objc; path = OnboardingViewController.m; sourceTree = "<group>"; };
		A4D988511774EF3100FA9312 /* User.h */ = {isa = PBXFileReference; fileEncoding = 4; lastKnownFileType = sourcecode.c.h; path = User.h; sourceTree = "<group>"; };
		A4D988521774EF3100FA9312 /* User.m */ = {isa = PBXFileReference; fileEncoding = 4; lastKnownFileType = sourcecode.c.objc; path = User.m; sourceTree = "<group>"; };
		A4D9885C1774FFD600FA9312 /* monstrous-icon.png */ = {isa = PBXFileReference; lastKnownFileType = image.png; path = "monstrous-icon.png"; sourceTree = "<group>"; };
		A4D9885E1774FFDB00FA9312 /* monstrous-icon@2px.png */ = {isa = PBXFileReference; lastKnownFileType = image.png; path = "monstrous-icon@2px.png"; sourceTree = "<group>"; };
		A4D9886217787B3D00FA9312 /* monsterNavBar-stretchyButton@2px.png */ = {isa = PBXFileReference; lastKnownFileType = image.png; path = "monsterNavBar-stretchyButton@2px.png"; sourceTree = "<group>"; };
		A4D9886317787B3D00FA9312 /* monsterNavBar-stretchyButton-tapped@2px.png */ = {isa = PBXFileReference; lastKnownFileType = image.png; path = "monsterNavBar-stretchyButton-tapped@2px.png"; sourceTree = "<group>"; };
		A4D9886417787B3D00FA9312 /* monsterNavBar-stretchyButton-tapped.png */ = {isa = PBXFileReference; lastKnownFileType = image.png; path = "monsterNavBar-stretchyButton-tapped.png"; sourceTree = "<group>"; };
		A4D9886517787B3D00FA9312 /* monsterNavBar-stretchyButton.png */ = {isa = PBXFileReference; lastKnownFileType = image.png; path = "monsterNavBar-stretchyButton.png"; sourceTree = "<group>"; };
		A4D9886A1778B20A00FA9312 /* turtling-ev3-for-TaskView-4.png */ = {isa = PBXFileReference; lastKnownFileType = image.png; path = "turtling-ev3-for-TaskView-4.png"; sourceTree = "<group>"; };
		A4D9886B1778B20C00FA9312 /* turtling-ev3-for-TaskView-3.png */ = {isa = PBXFileReference; lastKnownFileType = image.png; path = "turtling-ev3-for-TaskView-3.png"; sourceTree = "<group>"; };
		A4D9886C1778B20E00FA9312 /* turtling-ev3-for-TaskView-2.png */ = {isa = PBXFileReference; lastKnownFileType = image.png; path = "turtling-ev3-for-TaskView-2.png"; sourceTree = "<group>"; };
		A4D9886D1778B20F00FA9312 /* turtling-ev3-for-TaskView-1.png */ = {isa = PBXFileReference; lastKnownFileType = image.png; path = "turtling-ev3-for-TaskView-1.png"; sourceTree = "<group>"; };
		A4DF683A17692E4E00A8A5FC /* CreateNewProjectCell.h */ = {isa = PBXFileReference; fileEncoding = 4; lastKnownFileType = sourcecode.c.h; path = CreateNewProjectCell.h; sourceTree = "<group>"; };
		A4DF683B17692E4E00A8A5FC /* CreateNewProjectCell.m */ = {isa = PBXFileReference; fileEncoding = 4; lastKnownFileType = sourcecode.c.objc; path = CreateNewProjectCell.m; sourceTree = "<group>"; };
		A4EC77DD1769F20000892EF3 /* ExistingProjectCell.h */ = {isa = PBXFileReference; fileEncoding = 4; lastKnownFileType = sourcecode.c.h; path = ExistingProjectCell.h; sourceTree = "<group>"; };
		A4EC77DE1769F20000892EF3 /* ExistingProjectCell.m */ = {isa = PBXFileReference; fileEncoding = 4; lastKnownFileType = sourcecode.c.objc; path = ExistingProjectCell.m; sourceTree = "<group>"; };
		A4F36DB617735953005A10DF /* NameMonsterButton.png */ = {isa = PBXFileReference; lastKnownFileType = image.png; path = NameMonsterButton.png; sourceTree = "<group>"; };
		A4F36DC017737B16005A10DF /* turtling-ev2-for-TaskView.png */ = {isa = PBXFileReference; lastKnownFileType = image.png; path = "turtling-ev2-for-TaskView.png"; sourceTree = "<group>"; };
		A4F36DC217739927005A10DF /* turtling-ev2-for-TaskView-tailHigh.png */ = {isa = PBXFileReference; lastKnownFileType = image.png; path = "turtling-ev2-for-TaskView-tailHigh.png"; sourceTree = "<group>"; };
		A4F36DC317739927005A10DF /* turtling-ev2-for-TaskView-tailMiddle.png */ = {isa = PBXFileReference; lastKnownFileType = image.png; path = "turtling-ev2-for-TaskView-tailMiddle.png"; sourceTree = "<group>"; };
		A4F36DC417739927005A10DF /* turtling-ev2-for-TaskView-tailLow.png */ = {isa = PBXFileReference; lastKnownFileType = image.png; path = "turtling-ev2-for-TaskView-tailLow.png"; sourceTree = "<group>"; };
		A4F36DC517739927005A10DF /* turtling-ev1-for-TaskView-4.png */ = {isa = PBXFileReference; lastKnownFileType = image.png; path = "turtling-ev1-for-TaskView-4.png"; sourceTree = "<group>"; };
		A4F36DC617739927005A10DF /* turtling-ev1-for-TaskView-3.png */ = {isa = PBXFileReference; lastKnownFileType = image.png; path = "turtling-ev1-for-TaskView-3.png"; sourceTree = "<group>"; };
		A4F36DC717739927005A10DF /* turtling-ev1-for-TaskView-2.png */ = {isa = PBXFileReference; lastKnownFileType = image.png; path = "turtling-ev1-for-TaskView-2.png"; sourceTree = "<group>"; };
		A4F36DC817739927005A10DF /* turtling-ev1-for-TaskView-1.png */ = {isa = PBXFileReference; lastKnownFileType = image.png; path = "turtling-ev1-for-TaskView-1.png"; sourceTree = "<group>"; };
		A4F378E11766268200CEC7FB /* firstEgg.png */ = {isa = PBXFileReference; lastKnownFileType = image.png; path = firstEgg.png; sourceTree = "<group>"; };
		A4F378E41766268E00CEC7FB /* SparkleShine.png */ = {isa = PBXFileReference; lastKnownFileType = image.png; path = SparkleShine.png; sourceTree = "<group>"; };
		A4F378E7176627E300CEC7FB /* SparkleImageView.h */ = {isa = PBXFileReference; fileEncoding = 4; lastKnownFileType = sourcecode.c.h; path = SparkleImageView.h; sourceTree = "<group>"; };
		A4F378E8176627E300CEC7FB /* SparkleImageView.m */ = {isa = PBXFileReference; fileEncoding = 4; lastKnownFileType = sourcecode.c.objc; path = SparkleImageView.m; sourceTree = "<group>"; };
		A4F378ED176629A700CEC7FB /* NewEggViewController.h */ = {isa = PBXFileReference; fileEncoding = 4; lastKnownFileType = sourcecode.c.h; name = NewEggViewController.h; path = ../NewEggViewController.h; sourceTree = "<group>"; };
		A4F378EE176629A700CEC7FB /* NewEggViewController.m */ = {isa = PBXFileReference; fileEncoding = 4; lastKnownFileType = sourcecode.c.objc; name = NewEggViewController.m; path = ../NewEggViewController.m; sourceTree = "<group>"; };
		A4F955011770FDF300FE2554 /* WelcomeMat-wormyMessage.png */ = {isa = PBXFileReference; lastKnownFileType = image.png; path = "WelcomeMat-wormyMessage.png"; sourceTree = "<group>"; };
		A4F955031771428100FE2554 /* turtling-ev3-thumbnail.png */ = {isa = PBXFileReference; lastKnownFileType = image.png; path = "turtling-ev3-thumbnail.png"; sourceTree = "<group>"; };
		A4F955041771428100FE2554 /* turtling-ev3-thumbnail@2px.png */ = {isa = PBXFileReference; lastKnownFileType = image.png; path = "turtling-ev3-thumbnail@2px.png"; sourceTree = "<group>"; };
		A4F9550A177165F100FE2554 /* TaskDetail.h */ = {isa = PBXFileReference; fileEncoding = 4; lastKnownFileType = sourcecode.c.h; path = TaskDetail.h; sourceTree = "<group>"; };
		A4F9550B177165F200FE2554 /* TaskDetail.m */ = {isa = PBXFileReference; fileEncoding = 4; lastKnownFileType = sourcecode.c.objc; path = TaskDetail.m; sourceTree = "<group>"; };
		A4F9550D1771663200FE2554 /* Evolution.h */ = {isa = PBXFileReference; fileEncoding = 4; lastKnownFileType = sourcecode.c.h; path = Evolution.h; sourceTree = "<group>"; };
		A4F9550E1771663200FE2554 /* Evolution.m */ = {isa = PBXFileReference; fileEncoding = 4; lastKnownFileType = sourcecode.c.objc; path = Evolution.m; sourceTree = "<group>"; };
		A4F955111771F14900FE2554 /* onboarding-2.png */ = {isa = PBXFileReference; lastKnownFileType = image.png; path = "onboarding-2.png"; sourceTree = "<group>"; };
		A4F9551817721AB200FE2554 /* onboarding-1.png */ = {isa = PBXFileReference; lastKnownFileType = image.png; path = "onboarding-1.png"; sourceTree = "<group>"; };
		A4F9551C17721B8E00FE2554 /* onboarding-3.png */ = {isa = PBXFileReference; lastKnownFileType = image.png; path = "onboarding-3.png"; sourceTree = "<group>"; };
		A4FDE61B1766332D00623BB3 /* ProjectPickerVC.h */ = {isa = PBXFileReference; fileEncoding = 4; lastKnownFileType = sourcecode.c.h; path = ProjectPickerVC.h; sourceTree = "<group>"; };
		A4FDE61C1766332D00623BB3 /* ProjectPickerVC.m */ = {isa = PBXFileReference; fileEncoding = 4; lastKnownFileType = sourcecode.c.objc; path = ProjectPickerVC.m; sourceTree = "<group>"; };
		A4FE71E717668BAE00FB60D1 /* ProjectNameVC.h */ = {isa = PBXFileReference; fileEncoding = 4; lastKnownFileType = sourcecode.c.h; path = ProjectNameVC.h; sourceTree = "<group>"; };
		A4FE71E817668BAE00FB60D1 /* ProjectNameVC.m */ = {isa = PBXFileReference; fileEncoding = 4; lastKnownFileType = sourcecode.c.objc; path = ProjectNameVC.m; sourceTree = "<group>"; };
/* End PBXFileReference section */

/* Begin PBXFrameworksBuildPhase section */
		294B08211763631B00C5DFFA /* Frameworks */ = {
			isa = PBXFrameworksBuildPhase;
			buildActionMask = 2147483647;
			files = (
				18FDC3F1176F86B40064368F /* AudioToolbox.framework in Frameworks */,
				A442FD05176B4EC3006E71B6 /* QuartzCore.framework in Frameworks */,
				185B9F5617667A5700F3E24B /* CoreData.framework in Frameworks */,
				294B08281763631B00C5DFFA /* UIKit.framework in Frameworks */,
				294B082A1763631B00C5DFFA /* Foundation.framework in Frameworks */,
				294B082C1763631B00C5DFFA /* CoreGraphics.framework in Frameworks */,
			);
			runOnlyForDeploymentPostprocessing = 0;
		};
/* End PBXFrameworksBuildPhase section */

/* Begin PBXGroup section */
		18FDC3E5176F85A60064368F /* Sounds */ = {
			isa = PBXGroup;
			children = (
				18FDC3E6176F85D90064368F /* Monster_Wink.wav */,
				18FDC3E7176F85D90064368F /* Monster_Door.wav */,
				18FDC3E8176F85D90064368F /* Monster_Shimmer.wav */,
				18FDC3E9176F85D90064368F /* Monster_Step.wav */,
				18FDC3EA176F85D90064368F /* Monster_Win.wav */,
			);
			name = Sounds;
			sourceTree = "<group>";
		};
		290B476B176D29DE00B91B7E /* baby monster */ = {
			isa = PBXGroup;
			children = (
				290B476C176D2A4300B91B7E /* turtling_leftEye.png */,
				290B4772176D2A6700B91B7E /* turtling-mouth_open.png */,
				290B4770176D2A6100B91B7E /* turtling_rightEye.png */,
				A43ED6A01766C4CE00BD14DE /* turtling.png */,
				290B476E176D2A4800B91B7E /* turtling-blushcheeks.png */,
			);
			name = "baby monster";
			sourceTree = "<group>";
		};
		290B4774176D2BF800B91B7E /* CheckBox for tasks */ = {
			isa = PBXGroup;
			children = (
				290B4775176D2C0A00B91B7E /* purple_checkmark_v1.png */,
				290B4777176D2C3C00B91B7E /* checkbox-empty.png */,
			);
			name = "CheckBox for tasks";
			sourceTree = "<group>";
		};
		294B081B1763631B00C5DFFA = {
			isa = PBXGroup;
			children = (
				A4D9885E1774FFDB00FA9312 /* monstrous-icon@2px.png */,
				A4D9885C1774FFD600FA9312 /* monstrous-icon.png */,
				18FDC3E5176F85A60064368F /* Sounds */,
				89A0EF18176ED9D8001ADFE8 /* Turtling.h */,
				89A0EF19176EDA33001ADFE8 /* TurtlingClass.h */,
				89A0EF1A176EDA33001ADFE8 /* TurtlingClass.m */,
				294B082D1763631B00C5DFFA /* MonsterAPP_Storyboard_Wireframes */,
				294B08261763631B00C5DFFA /* Frameworks */,
				294B08251763631B00C5DFFA /* Products */,
			);
			sourceTree = "<group>";
		};
		294B08251763631B00C5DFFA /* Products */ = {
			isa = PBXGroup;
			children = (
				294B08241763631B00C5DFFA /* MonsterAPP_Storyboard_Wireframes.app */,
			);
			name = Products;
			sourceTree = "<group>";
		};
		294B08261763631B00C5DFFA /* Frameworks */ = {
			isa = PBXGroup;
			children = (
				18FDC3F0176F86B40064368F /* AudioToolbox.framework */,
				A442FD04176B4EC3006E71B6 /* QuartzCore.framework */,
				185B9F5517667A5700F3E24B /* CoreData.framework */,
				294B08271763631B00C5DFFA /* UIKit.framework */,
				294B08291763631B00C5DFFA /* Foundation.framework */,
				294B082B1763631B00C5DFFA /* CoreGraphics.framework */,
			);
			name = Frameworks;
			sourceTree = "<group>";
		};
		294B082D1763631B00C5DFFA /* MonsterAPP_Storyboard_Wireframes */ = {
			isa = PBXGroup;
			children = (
				294B08361763631B00C5DFFA /* AppDelegate.h */,
				294B08371763631B00C5DFFA /* AppDelegate.m */,
				892CC50F176DEC0800BF8122 /* MonsterStyleSheet.h */,
				892CC510176DEC0800BF8122 /* MonsterStyleSheet.m */,
				A43ED6981766942F00BD14DE /* MainStoryboard.storyboard */,
				294B08421763631B00C5DFFA /* ViewController.h */,
				294B08431763631B00C5DFFA /* ViewController.m */,
				29F1DF88176C306200FFB46F /* OnBoarding  */,
				A442FD03176ABB19006E71B6 /* Project List */,
				A40769E71767775E00AE7F7F /* TaskListViewController.h */,
				A40769E81767775E00AE7F7F /* TaskListViewController.m */,
				185B9F5A17667C5700F3E24B /* LoginViewController.h */,
				185B9F5B17667C5700F3E24B /* LoginViewController.m */,
				A4FDE61B1766332D00623BB3 /* ProjectPickerVC.h */,
				A4FDE61C1766332D00623BB3 /* ProjectPickerVC.m */,
				A4F378ED176629A700CEC7FB /* NewEggViewController.h */,
				A4F378EE176629A700CEC7FB /* NewEggViewController.m */,
				A4F378E7176627E300CEC7FB /* SparkleImageView.h */,
				A4F378E8176627E300CEC7FB /* SparkleImageView.m */,
				A4FE71E717668BAE00FB60D1 /* ProjectNameVC.h */,
				A4FE71E817668BAE00FB60D1 /* ProjectNameVC.m */,
				A40769E417676FAB00AE7F7F /* EggHatchesViewController.h */,
				A40769E517676FAB00AE7F7F /* EggHatchesViewController.m */,
				A485E13C1768E18E00ED06DC /* EvolutionViewController.h */,
				A485E13D1768E18E00ED06DC /* EvolutionViewController.m */,
				A442FD02176ABA70006E71B6 /* CoreData */,
				294B082E1763631B00C5DFFA /* Supporting Files */,
			);
			path = MonsterAPP_Storyboard_Wireframes;
			sourceTree = "<group>";
		};
		294B082E1763631B00C5DFFA /* Supporting Files */ = {
			isa = PBXGroup;
			children = (
				A4F36DB617735953005A10DF /* NameMonsterButton.png */,
				A4F955011770FDF300FE2554 /* WelcomeMat-wormyMessage.png */,
				8918C970176E5019007421DF /* ProjectIcons-new.png */,
				A4744F9C176F52C6004A55E9 /* turtlingEvolutions */,
				89A0EF25176EE476001ADFE8 /* NavBarImages */,
				892CC50D176DEA3800BF8122 /* Kimmy Design - LunchBox-Light.otf */,
				892CC50B176DEA2600BF8122 /* Kimmy Design - LunchBox-Bold.otf */,
				290B4774176D2BF800B91B7E /* CheckBox for tasks */,
				290B476B176D29DE00B91B7E /* baby monster */,
				29F1DF7D176C227500FFB46F /* Onboarding Images */,
				A4F378E01766267000CEC7FB /* new egg files */,
				A43ED69D1766C1AA00BD14DE /* hatching egg files */,
				292943FA176403E4001315E8 /* chinchilla.png */,
				294B084E1763874100C5DFFA /* junglg_bg.png */,
				294B084C176386F800C5DFFA /* egg_still.png */,
				294B084A176385E600C5DFFA /* vector_monster.png */,
				294B082F1763631B00C5DFFA /* MonsterAPP_Storyboard_Wireframes-Info.plist */,
				294B08301763631B00C5DFFA /* InfoPlist.strings */,
				294B08331763631B00C5DFFA /* main.m */,
				294B08351763631B00C5DFFA /* MonsterAPP_Storyboard_Wireframes-Prefix.pch */,
				294B08391763631B00C5DFFA /* Default.png */,
				294B083B1763631B00C5DFFA /* Default@2x.png */,
				294B083D1763631B00C5DFFA /* Default-568h@2x.png */,
			);
			name = "Supporting Files";
			sourceTree = "<group>";
		};
		29F1DF7D176C227500FFB46F /* Onboarding Images */ = {
			isa = PBXGroup;
			children = (
				A4F9551C17721B8E00FE2554 /* onboarding-3.png */,
				2919D3871778C3BF00B1B618 /* monsterWelcome-note_withText.png */,
				2919D3851778BEBC00B1B618 /* monsterWelcome-note.png */,
				2919D3751778AA1E00B1B618 /* MonsterWelcomePaw@2x.png */,
				2919D3891778C65700B1B618 /* monsterWelcome-note_updatedText.png */,
				2919D3731778A99C00B1B618 /* monsterWelcome.png */,
				2919D3831778BEAA00B1B618 /* monsterWelcome-Note@2px.png */,
				2919D37F1778BA6F00B1B618 /* MonsterWelcomePawWithArmv3@2x.png */,
				2919D3771778AA2600B1B618 /* monsterWelcome@2px.png */,
				2919D3811778BD9000B1B618 /* MonsterWelcomePawWithArmv2v5@2x.png */,
				A4F955111771F14900FE2554 /* onboarding-2.png */,
				A4F9551817721AB200FE2554 /* onboarding-1.png */,
				2919D3791778B4A300B1B618 /* WelcomeMat_TransparentBG.png */,
				29F1DF7E176C22B000FFB46F /* WelcomeMat_whitebg.png */,
				29F1DF80176C22F900FFB46F /* DoorKnob_test.png */,
				29F1DF89176C32A000FFB46F /* step1.png */,
				29F1DF8E176C45CF00FFB46F /* step2.png */,
				29F1DF8C176C32B400FFB46F /* step3.png */,
			);
			name = "Onboarding Images";
			sourceTree = "<group>";
		};
		29F1DF88176C306200FFB46F /* OnBoarding  */ = {
			isa = PBXGroup;
			children = (
				A485E13F1768E1CE00ED06DC /* OnboardingViewController.h */,
				A485E1401768E1CE00ED06DC /* OnboardingViewController.m */,
			);
			name = "OnBoarding ";
			sourceTree = "<group>";
		};
		89A0EF25176EE476001ADFE8 /* NavBarImages */ = {
			isa = PBXGroup;
			children = (
				A4D9886217787B3D00FA9312 /* monsterNavBar-stretchyButton@2px.png */,
				A4D9886317787B3D00FA9312 /* monsterNavBar-stretchyButton-tapped@2px.png */,
				A4D9886417787B3D00FA9312 /* monsterNavBar-stretchyButton-tapped.png */,
				A4D9886517787B3D00FA9312 /* monsterNavBar-stretchyButton.png */,
				8918C975176E570B007421DF /* monsterNavBar-TableBackdrop.png */,
				8944DB90176D2248000A9552 /* monsterNavBar_back-tapped.png */,
				89A0EF0F176ECED0001ADFE8 /* monsterNavBar_back-tapped@2x.png */,
				8944DB91176D2248000A9552 /* monsterNavBar_back.png */,
				89A0EF10176ECED0001ADFE8 /* monsterNavBar_back@2x.png */,
				8944DB97176D2248000A9552 /* monsterNavBar.png */,
			);
			name = NavBarImages;
			sourceTree = "<group>";
		};
		A43ED69D1766C1AA00BD14DE /* hatching egg files */ = {
			isa = PBXGroup;
			children = (
				A43ED69E1766C4CE00BD14DE /* firstEgg_left.png */,
				A43ED69F1766C4CE00BD14DE /* firstEgg_right-half.png */,
			);
			name = "hatching egg files";
			sourceTree = "<group>";
		};
		A442FD02176ABA70006E71B6 /* CoreData */ = {
			isa = PBXGroup;
			children = (
				A42A1F41176FCD280008812A /* Monster.h */,
				A42A1F42176FCD280008812A /* Monster.m */,
				A42A1F44176FCD350008812A /* Task.h */,
				A42A1F45176FCD350008812A /* Task.m */,
				A4F9550A177165F100FE2554 /* TaskDetail.h */,
				A4F9550B177165F200FE2554 /* TaskDetail.m */,
				185B9F5717667AEB00F3E24B /* MonsterModel.xcdatamodeld */,
				A4D988511774EF3100FA9312 /* User.h */,
				A4D988521774EF3100FA9312 /* User.m */,
				A4F9550D1771663200FE2554 /* Evolution.h */,
				A4F9550E1771663200FE2554 /* Evolution.m */,
			);
			name = CoreData;
			sourceTree = "<group>";
		};
		A442FD03176ABB19006E71B6 /* Project List */ = {
			isa = PBXGroup;
			children = (
				A40F33691767C1B300E9EF58 /* ProjectListViewController.h */,
				A40F336A1767C1B300E9EF58 /* ProjectListViewController.m */,
				A4DF683A17692E4E00A8A5FC /* CreateNewProjectCell.h */,
				A4DF683B17692E4E00A8A5FC /* CreateNewProjectCell.m */,
				A4EC77DD1769F20000892EF3 /* ExistingProjectCell.h */,
				A4EC77DE1769F20000892EF3 /* ExistingProjectCell.m */,
				A442FCEA176A3A3D006E71B6 /* CompletedProjectsCell.h */,
				A442FCEB176A3A3D006E71B6 /* CompletedProjectsCell.m */,
			);
			name = "Project List";
			sourceTree = "<group>";
		};
		A4744F9C176F52C6004A55E9 /* turtlingEvolutions */ = {
			isa = PBXGroup;
			children = (
				A4D9886A1778B20A00FA9312 /* turtling-ev3-for-TaskView-4.png */,
				A4D9886B1778B20C00FA9312 /* turtling-ev3-for-TaskView-3.png */,
				A4D9886C1778B20E00FA9312 /* turtling-ev3-for-TaskView-2.png */,
				A4D9886D1778B20F00FA9312 /* turtling-ev3-for-TaskView-1.png */,
				A4F36DC017737B16005A10DF /* turtling-ev2-for-TaskView.png */,
				A4F36DC217739927005A10DF /* turtling-ev2-for-TaskView-tailHigh.png */,
				A4F36DC317739927005A10DF /* turtling-ev2-for-TaskView-tailMiddle.png */,
				A4F36DC417739927005A10DF /* turtling-ev2-for-TaskView-tailLow.png */,
				A4F36DC517739927005A10DF /* turtling-ev1-for-TaskView-4.png */,
				A4F36DC617739927005A10DF /* turtling-ev1-for-TaskView-3.png */,
				A4F36DC717739927005A10DF /* turtling-ev1-for-TaskView-2.png */,
				A4F36DC817739927005A10DF /* turtling-ev1-for-TaskView-1.png */,
				A4F955031771428100FE2554 /* turtling-ev3-thumbnail.png */,
				A4F955041771428100FE2554 /* turtling-ev3-thumbnail@2px.png */,
				A4744F9D176F52EE004A55E9 /* turtling-ev2-thumbnail@2px.png */,
				A4744F9E176F52EE004A55E9 /* turtling-ev2-thumbnail.png */,
				A4744F9F176F52EE004A55E9 /* turtling-ev1-thumbnail@2px.png */,
				A4744FA0176F52EE004A55E9 /* turtling-ev1-thumbnail.png */,
			);
			name = turtlingEvolutions;
			sourceTree = "<group>";
		};
		A4F378E01766267000CEC7FB /* new egg files */ = {
			isa = PBXGroup;
			children = (
				A42A1F4D176FCFC10008812A /* SparkleShine-overlay.png */,
				A4F378E41766268E00CEC7FB /* SparkleShine.png */,
				A4F378E11766268200CEC7FB /* firstEgg.png */,
			);
			name = "new egg files";
			sourceTree = "<group>";
		};
/* End PBXGroup section */

/* Begin PBXNativeTarget section */
		294B08231763631B00C5DFFA /* MonsterAPP_Storyboard_Wireframes */ = {
			isa = PBXNativeTarget;
			buildConfigurationList = 294B08471763631B00C5DFFA /* Build configuration list for PBXNativeTarget "MonsterAPP_Storyboard_Wireframes" */;
			buildPhases = (
				294B08201763631B00C5DFFA /* Sources */,
				294B08211763631B00C5DFFA /* Frameworks */,
				294B08221763631B00C5DFFA /* Resources */,
			);
			buildRules = (
			);
			dependencies = (
			);
			name = MonsterAPP_Storyboard_Wireframes;
			productName = MonsterAPP_Storyboard_Wireframes;
			productReference = 294B08241763631B00C5DFFA /* MonsterAPP_Storyboard_Wireframes.app */;
			productType = "com.apple.product-type.application";
		};
/* End PBXNativeTarget section */

/* Begin PBXProject section */
		294B081C1763631B00C5DFFA /* Project object */ = {
			isa = PBXProject;
			attributes = {
				LastUpgradeCheck = 0460;
				ORGANIZATIONNAME = "Sonam Dhingra";
			};
			buildConfigurationList = 294B081F1763631B00C5DFFA /* Build configuration list for PBXProject "MonsterAPP_Storyboard_Wireframes" */;
			compatibilityVersion = "Xcode 3.2";
			developmentRegion = English;
			hasScannedForEncodings = 0;
			knownRegions = (
				en,
			);
			mainGroup = 294B081B1763631B00C5DFFA;
			productRefGroup = 294B08251763631B00C5DFFA /* Products */;
			projectDirPath = "";
			projectRoot = "";
			targets = (
				294B08231763631B00C5DFFA /* MonsterAPP_Storyboard_Wireframes */,
			);
		};
/* End PBXProject section */

/* Begin PBXResourcesBuildPhase section */
		294B08221763631B00C5DFFA /* Resources */ = {
			isa = PBXResourcesBuildPhase;
			buildActionMask = 2147483647;
			files = (
				8918C96E176DF85B007421DF /* monsterNavBar.png in Resources */,
				8918C968176DF82A007421DF /* monsterNavBar_back.png in Resources */,
				8918C967176DF814007421DF /* monsterNavBar_back-tapped.png in Resources */,
				294B08321763631B00C5DFFA /* InfoPlist.strings in Resources */,
				294B083A1763631B00C5DFFA /* Default.png in Resources */,
				294B083C1763631B00C5DFFA /* Default@2x.png in Resources */,
				294B083E1763631B00C5DFFA /* Default-568h@2x.png in Resources */,
				294B084B176385E600C5DFFA /* vector_monster.png in Resources */,
				294B084D176386F800C5DFFA /* egg_still.png in Resources */,
				294B084F1763874100C5DFFA /* junglg_bg.png in Resources */,
				292943FB176403E4001315E8 /* chinchilla.png in Resources */,
				A4F378E21766268200CEC7FB /* firstEgg.png in Resources */,
				A4F378E61766268E00CEC7FB /* SparkleShine.png in Resources */,
				A43ED6991766942F00BD14DE /* MainStoryboard.storyboard in Resources */,
				A43ED6A11766C4CE00BD14DE /* firstEgg_left.png in Resources */,
				A43ED6A21766C4CE00BD14DE /* firstEgg_right-half.png in Resources */,
				A43ED6A31766C4CE00BD14DE /* turtling.png in Resources */,
				29F1DF7F176C22B000FFB46F /* WelcomeMat_whitebg.png in Resources */,
				29F1DF81176C22F900FFB46F /* DoorKnob_test.png in Resources */,
				29F1DF8A176C32A000FFB46F /* step1.png in Resources */,
				29F1DF8D176C32B400FFB46F /* step3.png in Resources */,
				29F1DF8F176C45CF00FFB46F /* step2.png in Resources */,
				290B476D176D2A4300B91B7E /* turtling_leftEye.png in Resources */,
				290B476F176D2A4800B91B7E /* turtling-blushcheeks.png in Resources */,
				290B4771176D2A6100B91B7E /* turtling_rightEye.png in Resources */,
				290B4773176D2A6700B91B7E /* turtling-mouth_open.png in Resources */,
				290B4776176D2C0A00B91B7E /* purple_checkmark_v1.png in Resources */,
				290B4778176D2C3C00B91B7E /* checkbox-empty.png in Resources */,
				892CC50C176DEA2600BF8122 /* Kimmy Design - LunchBox-Bold.otf in Resources */,
				892CC50E176DEA3800BF8122 /* Kimmy Design - LunchBox-Light.otf in Resources */,
				8918C972176E5019007421DF /* ProjectIcons-new.png in Resources */,
				8918C976176E570B007421DF /* monsterNavBar-TableBackdrop.png in Resources */,
				89A0EF16176ECED0001ADFE8 /* monsterNavBar_back-tapped@2x.png in Resources */,
				89A0EF17176ECED0001ADFE8 /* monsterNavBar_back@2x.png in Resources */,
				A4744FA1176F52EE004A55E9 /* turtling-ev2-thumbnail@2px.png in Resources */,
				A4744FA2176F52EE004A55E9 /* turtling-ev2-thumbnail.png in Resources */,
				A4744FA3176F52EE004A55E9 /* turtling-ev1-thumbnail@2px.png in Resources */,
				A4744FA4176F52EE004A55E9 /* turtling-ev1-thumbnail.png in Resources */,
				A42A1F4E176FCFC10008812A /* SparkleShine-overlay.png in Resources */,
				18FDC3EB176F85D90064368F /* Monster_Wink.wav in Resources */,
				18FDC3EC176F85D90064368F /* Monster_Door.wav in Resources */,
				18FDC3ED176F85D90064368F /* Monster_Shimmer.wav in Resources */,
				18FDC3EE176F85D90064368F /* Monster_Step.wav in Resources */,
				18FDC3EF176F85D90064368F /* Monster_Win.wav in Resources */,
				A4F955021770FDF300FE2554 /* WelcomeMat-wormyMessage.png in Resources */,
				A4F955051771428100FE2554 /* turtling-ev3-thumbnail.png in Resources */,
				A4F955061771428100FE2554 /* turtling-ev3-thumbnail@2px.png in Resources */,
				A4F955141771F14900FE2554 /* onboarding-2.png in Resources */,
				A4F9551917721AB200FE2554 /* onboarding-1.png in Resources */,
				A4F9551D17721B8E00FE2554 /* onboarding-3.png in Resources */,
				A4F36DB717735953005A10DF /* NameMonsterButton.png in Resources */,
				A4F36DC117737B16005A10DF /* turtling-ev2-for-TaskView.png in Resources */,
				A4F36DC917739927005A10DF /* turtling-ev2-for-TaskView-tailHigh.png in Resources */,
				A4F36DCA17739927005A10DF /* turtling-ev2-for-TaskView-tailMiddle.png in Resources */,
				A4F36DCB17739927005A10DF /* turtling-ev2-for-TaskView-tailLow.png in Resources */,
				A4F36DCC17739927005A10DF /* turtling-ev1-for-TaskView-4.png in Resources */,
				A4F36DCD17739927005A10DF /* turtling-ev1-for-TaskView-3.png in Resources */,
				A4F36DCE17739927005A10DF /* turtling-ev1-for-TaskView-2.png in Resources */,
				A4F36DCF17739927005A10DF /* turtling-ev1-for-TaskView-1.png in Resources */,
				A4D9885D1774FFD600FA9312 /* monstrous-icon.png in Resources */,
				A4D9885F1774FFDB00FA9312 /* monstrous-icon@2px.png in Resources */,
				A4D9886617787B3D00FA9312 /* monsterNavBar-stretchyButton@2px.png in Resources */,
				A4D9886717787B3D00FA9312 /* monsterNavBar-stretchyButton-tapped@2px.png in Resources */,
				A4D9886817787B3D00FA9312 /* monsterNavBar-stretchyButton-tapped.png in Resources */,
				A4D9886917787B3D00FA9312 /* monsterNavBar-stretchyButton.png in Resources */,
				A4D9886E1778B21100FA9312 /* turtling-ev3-for-TaskView-4.png in Resources */,
				A4D9886F1778B21100FA9312 /* turtling-ev3-for-TaskView-3.png in Resources */,
				A4D988701778B21100FA9312 /* turtling-ev3-for-TaskView-2.png in Resources */,
				A4D988711778B21100FA9312 /* turtling-ev3-for-TaskView-1.png in Resources */,
				2919D3741778A99C00B1B618 /* monsterWelcome.png in Resources */,
				2919D3761778AA1E00B1B618 /* MonsterWelcomePaw@2x.png in Resources */,
				2919D3781778AA2600B1B618 /* monsterWelcome@2px.png in Resources */,
				2919D37A1778B4A300B1B618 /* WelcomeMat_TransparentBG.png in Resources */,
				2919D3801778BA6F00B1B618 /* MonsterWelcomePawWithArmv3@2x.png in Resources */,
				2919D3821778BD9000B1B618 /* MonsterWelcomePawWithArmv2v5@2x.png in Resources */,
				2919D3841778BEAA00B1B618 /* monsterWelcome-Note@2px.png in Resources */,
				2919D3861778BEBC00B1B618 /* monsterWelcome-note.png in Resources */,
				2919D3881778C3BF00B1B618 /* monsterWelcome-note_withText.png in Resources */,
				2919D38A1778C65700B1B618 /* monsterWelcome-note_updatedText.png in Resources */,
			);
			runOnlyForDeploymentPostprocessing = 0;
		};
/* End PBXResourcesBuildPhase section */

/* Begin PBXSourcesBuildPhase section */
		294B08201763631B00C5DFFA /* Sources */ = {
			isa = PBXSourcesBuildPhase;
			buildActionMask = 2147483647;
			files = (
				294B08341763631B00C5DFFA /* main.m in Sources */,
				294B08381763631B00C5DFFA /* AppDelegate.m in Sources */,
				294B08441763631B00C5DFFA /* ViewController.m in Sources */,
				A4F378E9176627E300CEC7FB /* SparkleImageView.m in Sources */,
				A4F378EF176629A700CEC7FB /* NewEggViewController.m in Sources */,
				A4FDE61D1766332D00623BB3 /* ProjectPickerVC.m in Sources */,
				185B9F5917667AEB00F3E24B /* MonsterModel.xcdatamodeld in Sources */,
				185B9F5C17667C5700F3E24B /* LoginViewController.m in Sources */,
				A4FE71E917668BAE00FB60D1 /* ProjectNameVC.m in Sources */,
				A40769E617676FAB00AE7F7F /* EggHatchesViewController.m in Sources */,
				A40769E91767775F00AE7F7F /* TaskListViewController.m in Sources */,
				A40F336B1767C1B400E9EF58 /* ProjectListViewController.m in Sources */,
				A485E13E1768E18E00ED06DC /* EvolutionViewController.m in Sources */,
				A485E1411768E1CE00ED06DC /* OnboardingViewController.m in Sources */,
				A4DF683C17692E4E00A8A5FC /* CreateNewProjectCell.m in Sources */,
				A4EC77DF1769F20000892EF3 /* ExistingProjectCell.m in Sources */,
				A442FCEC176A3A3D006E71B6 /* CompletedProjectsCell.m in Sources */,
				892CC511176DEC0800BF8122 /* MonsterStyleSheet.m in Sources */,
				89A0EF1B176EDA33001ADFE8 /* TurtlingClass.m in Sources */,
				A42A1F43176FCD280008812A /* Monster.m in Sources */,
				A42A1F46176FCD350008812A /* Task.m in Sources */,
				A4F9550C177165F200FE2554 /* TaskDetail.m in Sources */,
				A4F9550F1771663200FE2554 /* Evolution.m in Sources */,
				A4D988531774EF3100FA9312 /* User.m in Sources */,
			);
			runOnlyForDeploymentPostprocessing = 0;
		};
/* End PBXSourcesBuildPhase section */

/* Begin PBXVariantGroup section */
		294B08301763631B00C5DFFA /* InfoPlist.strings */ = {
			isa = PBXVariantGroup;
			children = (
				294B08311763631B00C5DFFA /* en */,
			);
			name = InfoPlist.strings;
			sourceTree = "<group>";
		};
/* End PBXVariantGroup section */

/* Begin XCBuildConfiguration section */
		294B08451763631B00C5DFFA /* Debug */ = {
			isa = XCBuildConfiguration;
			buildSettings = {
				ALWAYS_SEARCH_USER_PATHS = NO;
				CLANG_CXX_LANGUAGE_STANDARD = "gnu++0x";
				CLANG_CXX_LIBRARY = "libc++";
				CLANG_ENABLE_OBJC_ARC = YES;
				CLANG_WARN_CONSTANT_CONVERSION = YES;
				CLANG_WARN_EMPTY_BODY = YES;
				CLANG_WARN_ENUM_CONVERSION = YES;
				CLANG_WARN_INT_CONVERSION = YES;
				CLANG_WARN__DUPLICATE_METHOD_MATCH = YES;
				CODE_SIGN_IDENTITY = "iPhone Developer: Erin Hochstatter (X52FW29WA8)";
				"CODE_SIGN_IDENTITY[sdk=iphoneos*]" = "iPhone Developer";
				COPY_PHASE_STRIP = NO;
				GCC_C_LANGUAGE_STANDARD = gnu99;
				GCC_DYNAMIC_NO_PIC = NO;
				GCC_OPTIMIZATION_LEVEL = 0;
				GCC_PREPROCESSOR_DEFINITIONS = (
					"DEBUG=1",
					"$(inherited)",
				);
				GCC_SYMBOLS_PRIVATE_EXTERN = NO;
				GCC_WARN_ABOUT_RETURN_TYPE = YES;
				GCC_WARN_UNINITIALIZED_AUTOS = YES;
				GCC_WARN_UNUSED_VARIABLE = YES;
				IPHONEOS_DEPLOYMENT_TARGET = 6.1;
				ONLY_ACTIVE_ARCH = YES;
				PROVISIONING_PROFILE = "";
				SDKROOT = iphoneos;
			};
			name = Debug;
		};
		294B08461763631B00C5DFFA /* Release */ = {
			isa = XCBuildConfiguration;
			buildSettings = {
				ALWAYS_SEARCH_USER_PATHS = NO;
				CLANG_CXX_LANGUAGE_STANDARD = "gnu++0x";
				CLANG_CXX_LIBRARY = "libc++";
				CLANG_ENABLE_OBJC_ARC = YES;
				CLANG_WARN_CONSTANT_CONVERSION = YES;
				CLANG_WARN_EMPTY_BODY = YES;
				CLANG_WARN_ENUM_CONVERSION = YES;
				CLANG_WARN_INT_CONVERSION = YES;
				CLANG_WARN__DUPLICATE_METHOD_MATCH = YES;
				CODE_SIGN_IDENTITY = "iPhone Developer: Erin Hochstatter (X52FW29WA8)";
				"CODE_SIGN_IDENTITY[sdk=iphoneos*]" = "iPhone Developer";
				COPY_PHASE_STRIP = YES;
				GCC_C_LANGUAGE_STANDARD = gnu99;
				GCC_WARN_ABOUT_RETURN_TYPE = YES;
				GCC_WARN_UNINITIALIZED_AUTOS = YES;
				GCC_WARN_UNUSED_VARIABLE = YES;
				IPHONEOS_DEPLOYMENT_TARGET = 6.1;
				OTHER_CFLAGS = "-DNS_BLOCK_ASSERTIONS=1";
				PROVISIONING_PROFILE = "";
				SDKROOT = iphoneos;
				VALIDATE_PRODUCT = YES;
			};
			name = Release;
		};
		294B08481763631B00C5DFFA /* Debug */ = {
			isa = XCBuildConfiguration;
			buildSettings = {
				CODE_SIGN_IDENTITY = "iPhone Developer";
				GCC_PRECOMPILE_PREFIX_HEADER = YES;
				GCC_PREFIX_HEADER = "MonsterAPP_Storyboard_Wireframes/MonsterAPP_Storyboard_Wireframes-Prefix.pch";
				INFOPLIST_FILE = "MonsterAPP_Storyboard_Wireframes/MonsterAPP_Storyboard_Wireframes-Info.plist";
				PRODUCT_NAME = "$(TARGET_NAME)";
				PROVISIONING_PROFILE = "";
				TARGETED_DEVICE_FAMILY = 1;
				WRAPPER_EXTENSION = app;
			};
			name = Debug;
		};
		294B08491763631B00C5DFFA /* Release */ = {
			isa = XCBuildConfiguration;
			buildSettings = {
				CODE_SIGN_IDENTITY = "iPhone Developer";
				GCC_PRECOMPILE_PREFIX_HEADER = YES;
				GCC_PREFIX_HEADER = "MonsterAPP_Storyboard_Wireframes/MonsterAPP_Storyboard_Wireframes-Prefix.pch";
				INFOPLIST_FILE = "MonsterAPP_Storyboard_Wireframes/MonsterAPP_Storyboard_Wireframes-Info.plist";
				PRODUCT_NAME = "$(TARGET_NAME)";
				PROVISIONING_PROFILE = "";
				TARGETED_DEVICE_FAMILY = 1;
				WRAPPER_EXTENSION = app;
			};
			name = Release;
		};
/* End XCBuildConfiguration section */

/* Begin XCConfigurationList section */
		294B081F1763631B00C5DFFA /* Build configuration list for PBXProject "MonsterAPP_Storyboard_Wireframes" */ = {
			isa = XCConfigurationList;
			buildConfigurations = (
				294B08451763631B00C5DFFA /* Debug */,
				294B08461763631B00C5DFFA /* Release */,
			);
			defaultConfigurationIsVisible = 0;
			defaultConfigurationName = Release;
		};
		294B08471763631B00C5DFFA /* Build configuration list for PBXNativeTarget "MonsterAPP_Storyboard_Wireframes" */ = {
			isa = XCConfigurationList;
			buildConfigurations = (
				294B08481763631B00C5DFFA /* Debug */,
				294B08491763631B00C5DFFA /* Release */,
			);
			defaultConfigurationIsVisible = 0;
			defaultConfigurationName = Release;
		};
/* End XCConfigurationList section */

/* Begin XCVersionGroup section */
		185B9F5717667AEB00F3E24B /* MonsterModel.xcdatamodeld */ = {
			isa = XCVersionGroup;
			children = (
				185B9F5817667AEB00F3E24B /* MonsterModel.xcdatamodel */,
			);
			currentVersion = 185B9F5817667AEB00F3E24B /* MonsterModel.xcdatamodel */;
			name = MonsterModel.xcdatamodeld;
			path = ../MonsterModel.xcdatamodeld;
			sourceTree = "<group>";
			versionGroupType = wrapper.xcdatamodel;
		};
/* End XCVersionGroup section */
	};
	rootObject = 294B081C1763631B00C5DFFA /* Project object */;
}
